
Microsoft Visual Studio Solution File, Format Version 12.00
# Visual Studio 15
VisualStudioVersion = 15.0.26730.15
MinimumVisualStudioVersion = 10.0.40219.1
Project("{E24C65DC-7377-472B-9ABA-BC803B73C61A}") = "cashdrop", "ftp://ftp.porlybe.com/public_html/cashdrop", "{30C5D76A-EC30-4558-9587-1F9A9DBD5222}"
	ProjectSection(WebsiteProperties) = preProject
		TargetFrameworkMoniker = ".NETFramework,Version%3Dv4.0"
		Debug.AspNetCompiler.VirtualPath = "/cashdrop"
		Debug.AspNetCompiler.PhysicalPath = "..\..\..\AppData\Local\Temp\VWDWebCache\ftp_ftp.porlybe.com_public_html_cashdrop_porlyb\"
		Debug.AspNetCompiler.TargetPath = "PrecompiledWeb\cashdrop\"
		Debug.AspNetCompiler.Updateable = "true"
		Debug.AspNetCompiler.ForceOverwrite = "true"
		Debug.AspNetCompiler.FixedNames = "false"
		Debug.AspNetCompiler.Debug = "True"
		Release.AspNetCompiler.VirtualPath = "/cashdrop"
		Release.AspNetCompiler.PhysicalPath = "..\..\..\AppData\Local\Temp\VWDWebCache\ftp_ftp.porlybe.com_public_html_cashdrop_porlyb\"
		Release.AspNetCompiler.TargetPath = "PrecompiledWeb\cashdrop\"
		Release.AspNetCompiler.Updateable = "true"
		Release.AspNetCompiler.ForceOverwrite = "true"
		Release.AspNetCompiler.FixedNames = "false"
		Release.AspNetCompiler.Debug = "False"
	EndProjectSection
EndProject
Global
	GlobalSection(SolutionConfigurationPlatforms) = preSolution
		Debug|Any CPU = Debug|Any CPU
	EndGlobalSection
	GlobalSection(ProjectConfigurationPlatforms) = postSolution
		{30C5D76A-EC30-4558-9587-1F9A9DBD5222}.Debug|Any CPU.ActiveCfg = Debug|Any CPU
		{30C5D76A-EC30-4558-9587-1F9A9DBD5222}.Debug|Any CPU.Build.0 = Debug|Any CPU
	EndGlobalSection
	GlobalSection(SolutionProperties) = preSolution
		HideSolutionNode = FALSE
	EndGlobalSection
	GlobalSection(ExtensibilityGlobals) = postSolution
		SolutionGuid = {4A69D645-384C-4311-8B3F-0DA0CD38CB12}
	EndGlobalSection
EndGlobal
